
Microsoft Visual Studio Solution File, Format Version 12.00
# Visual Studio Version 17
VisualStudioVersion = 17.1.32210.238
MinimumVisualStudioVersion = 10.0.40219.1
Project("{FAE04EC0-301F-11D3-BF4B-00C04F79EFBC}") = "TakenApp", "TakenApp\TakenApp.csproj", "{6759B4C3-2B24-4E03-8CE2-77A7617B2B56}"
EndProject
Global
	GlobalSection(SolutionConfigurationPlatforms) = preSolution
		Debug|Any CPU = Debug|Any CPU
		Release|Any CPU = Release|Any CPU
	EndGlobalSection
	GlobalSection(ProjectConfigurationPlatforms) = postSolution
		{6759B4C3-2B24-4E03-8CE2-77A7617B2B56}.Debug|Any CPU.ActiveCfg = Debug|Any CPU
		{6759B4C3-2B24-4E03-8CE2-77A7617B2B56}.Debug|Any CPU.Build.0 = Debug|Any CPU
		{6759B4C3-2B24-4E03-8CE2-77A7617B2B56}.Release|Any CPU.ActiveCfg = Release|Any CPU
		{6759B4C3-2B24-4E03-8CE2-77A7617B2B56}.Release|Any CPU.Build.0 = Release|Any CPU
	EndGlobalSection
	GlobalSection(SolutionProperties) = preSolution
		HideSolutionNode = FALSE
	EndGlobalSection
	GlobalSection(ExtensibilityGlobals) = postSolution
		SolutionGuid = {0C0134E1-93BE-4275-9E24-C7109F2F04BD}
	EndGlobalSection
EndGlobal
